// !$*UTF8*$!
{
	archiveVersion = 1;
	classes = {
	};
	objectVersion = 50;
	objects = {

/* Begin PBXBuildFile section */
		7BCCF629213CDD6B000F3FA6 /* AppDelegate.m in Sources */ = {isa = PBXBuildFile; fileRef = 7BCCF628213CDD6B000F3FA6 /* AppDelegate.m */; };
		7BCCF62C213CDD6B000F3FA6 /* ViewController.m in Sources */ = {isa = PBXBuildFile; fileRef = 7BCCF62B213CDD6B000F3FA6 /* ViewController.m */; };
		7BCCF62F213CDD6B000F3FA6 /* Main.storyboard in Resources */ = {isa = PBXBuildFile; fileRef = 7BCCF62D213CDD6B000F3FA6 /* Main.storyboard */; };
		7BCCF631213CDD6D000F3FA6 /* Assets.xcassets in Resources */ = {isa = PBXBuildFile; fileRef = 7BCCF630213CDD6D000F3FA6 /* Assets.xcassets */; };
		7BCCF634213CDD6D000F3FA6 /* LaunchScreen.storyboard in Resources */ = {isa = PBXBuildFile; fileRef = 7BCCF632213CDD6D000F3FA6 /* LaunchScreen.storyboard */; };
		7BCCF637213CDD6D000F3FA6 /* main.m in Sources */ = {isa = PBXBuildFile; fileRef = 7BCCF636213CDD6D000F3FA6 /* main.m */; };
		7BCCF641213CDD6D000F3FA6 /* GomuRuntimeJumpVCTests.m in Sources */ = {isa = PBXBuildFile; fileRef = 7BCCF640213CDD6D000F3FA6 /* GomuRuntimeJumpVCTests.m */; };
		7BCCF64C213CDD6D000F3FA6 /* GomuRuntimeJumpVCUITests.m in Sources */ = {isa = PBXBuildFile; fileRef = 7BCCF64B213CDD6D000F3FA6 /* GomuRuntimeJumpVCUITests.m */; };
		7BCCF65B213CE068000F3FA6 /* TestViewController.m in Sources */ = {isa = PBXBuildFile; fileRef = 7BCCF65A213CE068000F3FA6 /* TestViewController.m */; };
/* End PBXBuildFile section */

/* Begin PBXContainerItemProxy section */
		7BCCF63D213CDD6D000F3FA6 /* PBXContainerItemProxy */ = {
			isa = PBXContainerItemProxy;
			containerPortal = 7BCCF61C213CDD6B000F3FA6 /* Project object */;
			proxyType = 1;
			remoteGlobalIDString = 7BCCF623213CDD6B000F3FA6;
			remoteInfo = GomuRuntimeJumpVC;
		};
		7BCCF648213CDD6D000F3FA6 /* PBXContainerItemProxy */ = {
			isa = PBXContainerItemProxy;
			containerPortal = 7BCCF61C213CDD6B000F3FA6 /* Project object */;
			proxyType = 1;
			remoteGlobalIDString = 7BCCF623213CDD6B000F3FA6;
			remoteInfo = GomuRuntimeJumpVC;
		};
/* End PBXContainerItemProxy section */

/* Begin PBXFileReference section */
		7BCCF624213CDD6B000F3FA6 /* GomuRuntimeJumpVC.app */ = {isa = PBXFileReference; explicitFileType = wrapper.application; includeInIndex = 0; path = GomuRuntimeJumpVC.app; sourceTree = BUILT_PRODUCTS_DIR; };
		7BCCF627213CDD6B000F3FA6 /* AppDelegate.h */ = {isa = PBXFileReference; lastKnownFileType = sourcecode.c.h; path = AppDelegate.h; sourceTree = "<group>"; };
		7BCCF628213CDD6B000F3FA6 /* AppDelegate.m */ = {isa = PBXFileReference; lastKnownFileType = sourcecode.c.objc; path = AppDelegate.m; sourceTree = "<group>"; };
		7BCCF62A213CDD6B000F3FA6 /* ViewController.h */ = {isa = PBXFileReference; lastKnownFileType = sourcecode.c.h; path = ViewController.h; sourceTree = "<group>"; };
		7BCCF62B213CDD6B000F3FA6 /* ViewController.m */ = {isa = PBXFileReference; lastKnownFileType = sourcecode.c.objc; path = ViewController.m; sourceTree = "<group>"; };
		7BCCF62E213CDD6B000F3FA6 /* Base */ = {isa = PBXFileReference; lastKnownFileType = file.storyboard; name = Base; path = Base.lproj/Main.storyboard; sourceTree = "<group>"; };
		7BCCF630213CDD6D000F3FA6 /* Assets.xcassets */ = {isa = PBXFileReference; lastKnownFileType = folder.assetcatalog; path = Assets.xcassets; sourceTree = "<group>"; };
		7BCCF633213CDD6D000F3FA6 /* Base */ = {isa = PBXFileReference; lastKnownFileType = file.storyboard; name = Base; path = Base.lproj/LaunchScreen.storyboard; sourceTree = "<group>"; };
		7BCCF635213CDD6D000F3FA6 /* Info.plist */ = {isa = PBXFileReference; lastKnownFileType = text.plist.xml; path = Info.plist; sourceTree = "<group>"; };
		7BCCF636213CDD6D000F3FA6 /* main.m */ = {isa = PBXFileReference; lastKnownFileType = sourcecode.c.objc; path = main.m; sourceTree = "<group>"; };
		7BCCF63C213CDD6D000F3FA6 /* GomuRuntimeJumpVCTests.xctest */ = {isa = PBXFileReference; explicitFileType = wrapper.cfbundle; includeInIndex = 0; path = GomuRuntimeJumpVCTests.xctest; sourceTree = BUILT_PRODUCTS_DIR; };
		7BCCF640213CDD6D000F3FA6 /* GomuRuntimeJumpVCTests.m */ = {isa = PBXFileReference; lastKnownFileType = sourcecode.c.objc; path = GomuRuntimeJumpVCTests.m; sourceTree = "<group>"; };
		7BCCF642213CDD6D000F3FA6 /* Info.plist */ = {isa = PBXFileReference; lastKnownFileType = text.plist.xml; path = Info.plist; sourceTree = "<group>"; };
		7BCCF647213CDD6D000F3FA6 /* GomuRuntimeJumpVCUITests.xctest */ = {isa = PBXFileReference; explicitFileType = wrapper.cfbundle; includeInIndex = 0; path = GomuRuntimeJumpVCUITests.xctest; sourceTree = BUILT_PRODUCTS_DIR; };
		7BCCF64B213CDD6D000F3FA6 /* GomuRuntimeJumpVCUITests.m */ = {isa = PBXFileReference; lastKnownFileType = sourcecode.c.objc; path = GomuRuntimeJumpVCUITests.m; sourceTree = "<group>"; };
		7BCCF64D213CDD6D000F3FA6 /* Info.plist */ = {isa = PBXFileReference; lastKnownFileType = text.plist.xml; path = Info.plist; sourceTree = "<group>"; };
		7BCCF659213CE068000F3FA6 /* TestViewController.h */ = {isa = PBXFileReference; lastKnownFileType = sourcecode.c.h; path = TestViewController.h; sourceTree = "<group>"; };
		7BCCF65A213CE068000F3FA6 /* TestViewController.m */ = {isa = PBXFileReference; lastKnownFileType = sourcecode.c.objc; path = TestViewController.m; sourceTree = "<group>"; };
/* End PBXFileReference section */

/* Begin PBXFrameworksBuildPhase section */
		7BCCF621213CDD6B000F3FA6 /* Frameworks */ = {
			isa = PBXFrameworksBuildPhase;
			buildActionMask = 2147483647;
			files = (
			);
			runOnlyForDeploymentPostprocessing = 0;
		};
		7BCCF639213CDD6D000F3FA6 /* Frameworks */ = {
			isa = PBXFrameworksBuildPhase;
			buildActionMask = 2147483647;
			files = (
			);
			runOnlyForDeploymentPostprocessing = 0;
		};
		7BCCF644213CDD6D000F3FA6 /* Frameworks */ = {
			isa = PBXFrameworksBuildPhase;
			buildActionMask = 2147483647;
			files = (
			);
			runOnlyForDeploymentPostprocessing = 0;
		};
/* End PBXFrameworksBuildPhase section */

/* Begin PBXGroup section */
		7BCCF61B213CDD6B000F3FA6 = {
			isa = PBXGroup;
			children = (
				7BCCF626213CDD6B000F3FA6 /* GomuRuntimeJumpVC */,
				7BCCF63F213CDD6D000F3FA6 /* GomuRuntimeJumpVCTests */,
				7BCCF64A213CDD6D000F3FA6 /* GomuRuntimeJumpVCUITests */,
				7BCCF625213CDD6B000F3FA6 /* Products */,
			);
			sourceTree = "<group>";
		};
		7BCCF625213CDD6B000F3FA6 /* Products */ = {
			isa = PBXGroup;
			children = (
				7BCCF624213CDD6B000F3FA6 /* GomuRuntimeJumpVC.app */,
				7BCCF63C213CDD6D000F3FA6 /* GomuRuntimeJumpVCTests.xctest */,
				7BCCF647213CDD6D000F3FA6 /* GomuRuntimeJumpVCUITests.xctest */,
			);
			name = Products;
			sourceTree = "<group>";
		};
		7BCCF626213CDD6B000F3FA6 /* GomuRuntimeJumpVC */ = {
			isa = PBXGroup;
			children = (
				7BCCF627213CDD6B000F3FA6 /* AppDelegate.h */,
				7BCCF628213CDD6B000F3FA6 /* AppDelegate.m */,
				7BCCF62A213CDD6B000F3FA6 /* ViewController.h */,
				7BCCF62B213CDD6B000F3FA6 /* ViewController.m */,
				7BCCF659213CE068000F3FA6 /* TestViewController.h */,
				7BCCF65A213CE068000F3FA6 /* TestViewController.m */,
				7BCCF62D213CDD6B000F3FA6 /* Main.storyboard */,
				7BCCF630213CDD6D000F3FA6 /* Assets.xcassets */,
				7BCCF632213CDD6D000F3FA6 /* LaunchScreen.storyboard */,
				7BCCF635213CDD6D000F3FA6 /* Info.plist */,
				7BCCF636213CDD6D000F3FA6 /* main.m */,
			);
			path = GomuRuntimeJumpVC;
			sourceTree = "<group>";
		};
		7BCCF63F213CDD6D000F3FA6 /* GomuRuntimeJumpVCTests */ = {
			isa = PBXGroup;
			children = (
				7BCCF640213CDD6D000F3FA6 /* GomuRuntimeJumpVCTests.m */,
				7BCCF642213CDD6D000F3FA6 /* Info.plist */,
			);
			path = GomuRuntimeJumpVCTests;
			sourceTree = "<group>";
		};
		7BCCF64A213CDD6D000F3FA6 /* GomuRuntimeJumpVCUITests */ = {
			isa = PBXGroup;
			children = (
				7BCCF64B213CDD6D000F3FA6 /* GomuRuntimeJumpVCUITests.m */,
				7BCCF64D213CDD6D000F3FA6 /* Info.plist */,
			);
			path = GomuRuntimeJumpVCUITests;
			sourceTree = "<group>";
		};
/* End PBXGroup section */

/* Begin PBXNativeTarget section */
		7BCCF623213CDD6B000F3FA6 /* GomuRuntimeJumpVC */ = {
			isa = PBXNativeTarget;
			buildConfigurationList = 7BCCF650213CDD6D000F3FA6 /* Build configuration list for PBXNativeTarget "GomuRuntimeJumpVC" */;
			buildPhases = (
				7BCCF620213CDD6B000F3FA6 /* Sources */,
				7BCCF621213CDD6B000F3FA6 /* Frameworks */,
				7BCCF622213CDD6B000F3FA6 /* Resources */,
			);
			buildRules = (
			);
			dependencies = (
			);
			name = GomuRuntimeJumpVC;
			productName = GomuRuntimeJumpVC;
			productReference = 7BCCF624213CDD6B000F3FA6 /* GomuRuntimeJumpVC.app */;
			productType = "com.apple.product-type.application";
		};
		7BCCF63B213CDD6D000F3FA6 /* GomuRuntimeJumpVCTests */ = {
			isa = PBXNativeTarget;
			buildConfigurationList = 7BCCF653213CDD6D000F3FA6 /* Build configuration list for PBXNativeTarget "GomuRuntimeJumpVCTests" */;
			buildPhases = (
				7BCCF638213CDD6D000F3FA6 /* Sources */,
				7BCCF639213CDD6D000F3FA6 /* Frameworks */,
				7BCCF63A213CDD6D000F3FA6 /* Resources */,
			);
			buildRules = (
			);
			dependencies = (
				7BCCF63E213CDD6D000F3FA6 /* PBXTargetDependency */,
			);
			name = GomuRuntimeJumpVCTests;
			productName = GomuRuntimeJumpVCTests;
			productReference = 7BCCF63C213CDD6D000F3FA6 /* GomuRuntimeJumpVCTests.xctest */;
			productType = "com.apple.product-type.bundle.unit-test";
		};
		7BCCF646213CDD6D000F3FA6 /* GomuRuntimeJumpVCUITests */ = {
			isa = PBXNativeTarget;
			buildConfigurationList = 7BCCF656213CDD6D000F3FA6 /* Build configuration list for PBXNativeTarget "GomuRuntimeJumpVCUITests" */;
			buildPhases = (
				7BCCF643213CDD6D000F3FA6 /* Sources */,
				7BCCF644213CDD6D000F3FA6 /* Frameworks */,
				7BCCF645213CDD6D000F3FA6 /* Resources */,
			);
			buildRules = (
			);
			dependencies = (
				7BCCF649213CDD6D000F3FA6 /* PBXTargetDependency */,
			);
			name = GomuRuntimeJumpVCUITests;
			productName = GomuRuntimeJumpVCUITests;
			productReference = 7BCCF647213CDD6D000F3FA6 /* GomuRuntimeJumpVCUITests.xctest */;
			productType = "com.apple.product-type.bundle.ui-testing";
		};
/* End PBXNativeTarget section */

/* Begin PBXProject section */
		7BCCF61C213CDD6B000F3FA6 /* Project object */ = {
			isa = PBXProject;
			attributes = {
				LastUpgradeCheck = 0940;
				ORGANIZATIONNAME = Gomu;
				TargetAttributes = {
					7BCCF623213CDD6B000F3FA6 = {
						CreatedOnToolsVersion = 9.4;
					};
					7BCCF63B213CDD6D000F3FA6 = {
						CreatedOnToolsVersion = 9.4;
						TestTargetID = 7BCCF623213CDD6B000F3FA6;
					};
					7BCCF646213CDD6D000F3FA6 = {
						CreatedOnToolsVersion = 9.4;
						TestTargetID = 7BCCF623213CDD6B000F3FA6;
					};
				};
			};
			buildConfigurationList = 7BCCF61F213CDD6B000F3FA6 /* Build configuration list for PBXProject "GomuRuntimeJumpVC" */;
			compatibilityVersion = "Xcode 9.3";
			developmentRegion = en;
			hasScannedForEncodings = 0;
			knownRegions = (
				en,
				Base,
			);
			mainGroup = 7BCCF61B213CDD6B000F3FA6;
			productRefGroup = 7BCCF625213CDD6B000F3FA6 /* Products */;
			projectDirPath = "";
			projectRoot = "";
			targets = (
				7BCCF623213CDD6B000F3FA6 /* GomuRuntimeJumpVC */,
				7BCCF63B213CDD6D000F3FA6 /* GomuRuntimeJumpVCTests */,
				7BCCF646213CDD6D000F3FA6 /* GomuRuntimeJumpVCUITests */,
			);
		};
/* End PBXProject section */

/* Begin PBXResourcesBuildPhase section */
		7BCCF622213CDD6B000F3FA6 /* Resources */ = {
			isa = PBXResourcesBuildPhase;
			buildActionMask = 2147483647;
			files = (
				7BCCF634213CDD6D000F3FA6 /* LaunchScreen.storyboard in Resources */,
				7BCCF631213CDD6D000F3FA6 /* Assets.xcassets in Resources */,
				7BCCF62F213CDD6B000F3FA6 /* Main.storyboard in Resources */,
			);
			runOnlyForDeploymentPostprocessing = 0;
		};
		7BCCF63A213CDD6D000F3FA6 /* Resources */ = {
			isa = PBXResourcesBuildPhase;
			buildActionMask = 2147483647;
			files = (
			);
			runOnlyForDeploymentPostprocessing = 0;
		};
		7BCCF645213CDD6D000F3FA6 /* Resources */ = {
			isa = PBXResourcesBuildPhase;
			buildActionMask = 2147483647;
			files = (
			);
			runOnlyForDeploymentPostprocessing = 0;
		};
/* End PBXResourcesBuildPhase section */

/* Begin PBXSourcesBuildPhase section */
		7BCCF620213CDD6B000F3FA6 /* Sources */ = {
			isa = PBXSourcesBuildPhase;
			buildActionMask = 2147483647;
			files = (
				7BCCF62C213CDD6B000F3FA6 /* ViewController.m in Sources */,
				7BCCF637213CDD6D000F3FA6 /* main.m in Sources */,
				7BCCF65B213CE068000F3FA6 /* TestViewController.m in Sources */,
				7BCCF629213CDD6B000F3FA6 /* AppDelegate.m in Sources */,
			);
			runOnlyForDeploymentPostprocessing = 0;
		};
		7BCCF638213CDD6D000F3FA6 /* Sources */ = {
			isa = PBXSourcesBuildPhase;
			buildActionMask = 2147483647;
			files = (
				7BCCF641213CDD6D000F3FA6 /* GomuRuntimeJumpVCTests.m in Sources */,
			);
			runOnlyForDeploymentPostprocessing = 0;
		};
		7BCCF643213CDD6D000F3FA6 /* Sources */ = {
			isa = PBXSourcesBuildPhase;
			buildActionMask = 2147483647;
			files = (
				7BCCF64C213CDD6D000F3FA6 /* GomuRuntimeJumpVCUITests.m in Sources */,
			);
			runOnlyForDeploymentPostprocessing = 0;
		};
/* End PBXSourcesBuildPhase section */

/* Begin PBXTargetDependency section */
		7BCCF63E213CDD6D000F3FA6 /* PBXTargetDependency */ = {
			isa = PBXTargetDependency;
			target = 7BCCF623213CDD6B000F3FA6 /* GomuRuntimeJumpVC */;
			targetProxy = 7BCCF63D213CDD6D000F3FA6 /* PBXContainerItemProxy */;
		};
		7BCCF649213CDD6D000F3FA6 /* PBXTargetDependency */ = {
			isa = PBXTargetDependency;
			target = 7BCCF623213CDD6B000F3FA6 /* GomuRuntimeJumpVC */;
			targetProxy = 7BCCF648213CDD6D000F3FA6 /* PBXContainerItemProxy */;
		};
/* End PBXTargetDependency section */

/* Begin PBXVariantGroup section */
		7BCCF62D213CDD6B000F3FA6 /* Main.storyboard */ = {
			isa = PBXVariantGroup;
			children = (
				7BCCF62E213CDD6B000F3FA6 /* Base */,
			);
			name = Main.storyboard;
			sourceTree = "<group>";
		};
		7BCCF632213CDD6D000F3FA6 /* LaunchScreen.storyboard */ = {
			isa = PBXVariantGroup;
			children = (
				7BCCF633213CDD6D000F3FA6 /* Base */,
			);
			name = LaunchScreen.storyboard;
			sourceTree = "<group>";
		};
/* End PBXVariantGroup section */

/* Begin XCBuildConfiguration section */
		7BCCF64E213CDD6D000F3FA6 /* Debug */ = {
			isa = XCBuildConfiguration;
			buildSettings = {
				ALWAYS_SEARCH_USER_PATHS = NO;
				CLANG_ANALYZER_NONNULL = YES;
				CLANG_ANALYZER_NUMBER_OBJECT_CONVERSION = YES_AGGRESSIVE;
				CLANG_CXX_LANGUAGE_STANDARD = "gnu++14";
				CLANG_CXX_LIBRARY = "libc++";
				CLANG_ENABLE_MODULES = YES;
				CLANG_ENABLE_OBJC_ARC = YES;
				CLANG_ENABLE_OBJC_WEAK = YES;
				CLANG_WARN_BLOCK_CAPTURE_AUTORELEASING = YES;
				CLANG_WARN_BOOL_CONVERSION = YES;
				CLANG_WARN_COMMA = YES;
				CLANG_WARN_CONSTANT_CONVERSION = YES;
				CLANG_WARN_DEPRECATED_OBJC_IMPLEMENTATIONS = YES;
				CLANG_WARN_DIRECT_OBJC_ISA_USAGE = YES_ERROR;
				CLANG_WARN_DOCUMENTATION_COMMENTS = YES;
				CLANG_WARN_EMPTY_BODY = YES;
				CLANG_WARN_ENUM_CONVERSION = YES;
				CLANG_WARN_INFINITE_RECURSION = YES;
				CLANG_WARN_INT_CONVERSION = YES;
				CLANG_WARN_NON_LITERAL_NULL_CONVERSION = YES;
				CLANG_WARN_OBJC_IMPLICIT_RETAIN_SELF = YES;
				CLANG_WARN_OBJC_LITERAL_CONVERSION = YES;
				CLANG_WARN_OBJC_ROOT_CLASS = YES_ERROR;
				CLANG_WARN_RANGE_LOOP_ANALYSIS = YES;
				CLANG_WARN_STRICT_PROTOTYPES = YES;
				CLANG_WARN_SUSPICIOUS_MOVE = YES;
				CLANG_WARN_UNGUARDED_AVAILABILITY = YES_AGGRESSIVE;
				CLANG_WARN_UNREACHABLE_CODE = YES;
				CLANG_WARN__DUPLICATE_METHOD_MATCH = YES;
				CODE_SIGN_IDENTITY = "iPhone Developer";
				COPY_PHASE_STRIP = NO;
				DEBUG_INFORMATION_FORMAT = dwarf;
				ENABLE_STRICT_OBJC_MSGSEND = YES;
				ENABLE_TESTABILITY = YES;
				GCC_C_LANGUAGE_STANDARD = gnu11;
				GCC_DYNAMIC_NO_PIC = NO;
				GCC_NO_COMMON_BLOCKS = YES;
				GCC_OPTIMIZATION_LEVEL = 0;
				GCC_PREPROCESSOR_DEFINITIONS = (
					"DEBUG=1",
					"$(inherited)",
				);
				GCC_WARN_64_TO_32_BIT_CONVERSION = YES;
				GCC_WARN_ABOUT_RETURN_TYPE = YES_ERROR;
				GCC_WARN_UNDECLARED_SELECTOR = YES;
				GCC_WARN_UNINITIALIZED_AUTOS = YES_AGGRESSIVE;
				GCC_WARN_UNUSED_FUNCTION = YES;
				GCC_WARN_UNUSED_VARIABLE = YES;
				IPHONEOS_DEPLOYMENT_TARGET = 11.4;
				MTL_ENABLE_DEBUG_INFO = YES;
				ONLY_ACTIVE_ARCH = YES;
				SDKROOT = iphoneos;
			};
			name = Debug;
		};
		7BCCF64F213CDD6D000F3FA6 /* Release */ = {
			isa = XCBuildConfiguration;
			buildSettings = {
				ALWAYS_SEARCH_USER_PATHS = NO;
				CLANG_ANALYZER_NONNULL = YES;
				CLANG_ANALYZER_NUMBER_OBJECT_CONVERSION = YES_AGGRESSIVE;
				CLANG_CXX_LANGUAGE_STANDARD = "gnu++14";
				CLANG_CXX_LIBRARY = "libc++";
				CLANG_ENABLE_MODULES = YES;
				CLANG_ENABLE_OBJC_ARC = YES;
				CLANG_ENABLE_OBJC_WEAK = YES;
				CLANG_WARN_BLOCK_CAPTURE_AUTORELEASING = YES;
				CLANG_WARN_BOOL_CONVERSION = YES;
				CLANG_WARN_COMMA = YES;
				CLANG_WARN_CONSTANT_CONVERSION = YES;
				CLANG_WARN_DEPRECATED_OBJC_IMPLEMENTATIONS = YES;
				CLANG_WARN_DIRECT_OBJC_ISA_USAGE = YES_ERROR;
				CLANG_WARN_DOCUMENTATION_COMMENTS = YES;
				CLANG_WARN_EMPTY_BODY = YES;
				CLANG_WARN_ENUM_CONVERSION = YES;
				CLANG_WARN_INFINITE_RECURSION = YES;
				CLANG_WARN_INT_CONVERSION = YES;
				CLANG_WARN_NON_LITERAL_NULL_CONVERSION = YES;
				CLANG_WARN_OBJC_IMPLICIT_RETAIN_SELF = YES;
				CLANG_WARN_OBJC_LITERAL_CONVERSION = YES;
				CLANG_WARN_OBJC_ROOT_CLASS = YES_ERROR;
				CLANG_WARN_RANGE_LOOP_ANALYSIS = YES;
				CLANG_WARN_STRICT_PROTOTYPES = YES;
				CLANG_WARN_SUSPICIOUS_MOVE = YES;
				CLANG_WARN_UNGUARDED_AVAILABILITY = YES_AGGRESSIVE;
				CLANG_WARN_UNREACHABLE_CODE = YES;
				CLANG_WARN__DUPLICATE_METHOD_MATCH = YES;
				CODE_SIGN_IDENTITY = "iPhone Developer";
				COPY_PHASE_STRIP = NO;
				DEBUG_INFORMATION_FORMAT = "dwarf-with-dsym";
				ENABLE_NS_ASSERTIONS = NO;
				ENABLE_STRICT_OBJC_MSGSEND = YES;
				GCC_C_LANGUAGE_STANDARD = gnu11;
				GCC_NO_COMMON_BLOCKS = YES;
				GCC_WARN_64_TO_32_BIT_CONVERSION = YES;
				GCC_WARN_ABOUT_RETURN_TYPE = YES_ERROR;
				GCC_WARN_UNDECLARED_SELECTOR = YES;
				GCC_WARN_UNINITIALIZED_AUTOS = YES_AGGRESSIVE;
				GCC_WARN_UNUSED_FUNCTION = YES;
				GCC_WARN_UNUSED_VARIABLE = YES;
				IPHONEOS_DEPLOYMENT_TARGET = 11.4;
				MTL_ENABLE_DEBUG_INFO = NO;
				SDKROOT = iphoneos;
				VALIDATE_PRODUCT = YES;
			};
			name = Release;
		};
		7BCCF651213CDD6D000F3FA6 /* Debug */ = {
			isa = XCBuildConfiguration;
			buildSettings = {
				ASSETCATALOG_COMPILER_APPICON_NAME = AppIcon;
				CODE_SIGN_STYLE = Automatic;
				DEVELOPMENT_TEAM = 7JXW97EWL4;
				INFOPLIST_FILE = GomuRuntimeJumpVC/Info.plist;
				LD_RUNPATH_SEARCH_PATHS = (
					"$(inherited)",
					"@executable_path/Frameworks",
				);
				PRODUCT_BUNDLE_IDENTIFIER = Gomu.workArea.GomuRuntimeJumpVC;
				PRODUCT_NAME = "$(TARGET_NAME)";
				TARGETED_DEVICE_FAMILY = "1,2";
			};
			name = Debug;
		};
		7BCCF652213CDD6D000F3FA6 /* Release */ = {
			isa = XCBuildConfiguration;
			buildSettings = {
				ASSETCATALOG_COMPILER_APPICON_NAME = AppIcon;
				CODE_SIGN_STYLE = Automatic;
				DEVELOPMENT_TEAM = 7JXW97EWL4;
				INFOPLIST_FILE = GomuRuntimeJumpVC/Info.plist;
				LD_RUNPATH_SEARCH_PATHS = (
					"$(inherited)",
					"@executable_path/Frameworks",
				);
				PRODUCT_BUNDLE_IDENTIFIER = Gomu.workArea.GomuRuntimeJumpVC;
				PRODUCT_NAME = "$(TARGET_NAME)";
				TARGETED_DEVICE_FAMILY = "1,2";
			};
			name = Release;
		};
		7BCCF654213CDD6D000F3FA6 /* Debug */ = {
			isa = XCBuildConfiguration;
			buildSettings = {
				BUNDLE_LOADER = "$(TEST_HOST)";
				CODE_SIGN_STYLE = Automatic;
				DEVELOPMENT_TEAM = B945E93452;
				INFOPLIST_FILE = GomuRuntimeJumpVCTests/Info.plist;
				LD_RUNPATH_SEARCH_PATHS = (
					"$(inherited)",
					"@executable_path/Frameworks",
					"@loader_path/Frameworks",
				);
				PRODUCT_BUNDLE_IDENTIFIER = Gomu.workArea.GomuRuntimeJumpVCTests;
				PRODUCT_NAME = "$(TARGET_NAME)";
				TARGETED_DEVICE_FAMILY = "1,2";
				TEST_HOST = "$(BUILT_PRODUCTS_DIR)/GomuRuntimeJumpVC.app/GomuRuntimeJumpVC";
			};
			name = Debug;
		};
		7BCCF655213CDD6D000F3FA6 /* Release */ = {
			isa = XCBuildConfiguration;
			buildSettings = {
				BUNDLE_LOADER = "$(TEST_HOST)";
				CODE_SIGN_STYLE = Automatic;
				DEVELOPMENT_TEAM = B945E93452;
				INFOPLIST_FILE = GomuRuntimeJumpVCTests/Info.plist;
				LD_RUNPATH_SEARCH_PATHS = (
					"$(inherited)",
					"@executable_path/Frameworks",
					"@loader_path/Frameworks",
				);
				PRODUCT_BUNDLE_IDENTIFIER = Gomu.workArea.GomuRuntimeJumpVCTests;
				PRODUCT_NAME = "$(TARGET_NAME)";
				TARGETED_DEVICE_FAMILY = "1,2";
				TEST_HOST = "$(BUILT_PRODUCTS_DIR)/GomuRuntimeJumpVC.app/GomuRuntimeJumpVC";
			};
			name = Release;
		};
		7BCCF657213CDD6D000F3FA6 /* Debug */ = {
			isa = XCBuildConfiguration;
			buildSettings = {
				CODE_SIGN_STYLE = Automatic;
				DEVELOPMENT_TEAM = B945E93452;
				INFOPLIST_FILE = GomuRuntimeJumpVCUITests/Info.plist;
				LD_RUNPATH_SEARCH_PATHS = (
					"$(inherited)",
					"@executable_path/Frameworks",
					"@loader_path/Frameworks",
				);
				PRODUCT_BUNDLE_IDENTIFIER = Gomu.workArea.GomuRuntimeJumpVCUITests;
				PRODUCT_NAME = "$(TARGET_NAME)";
				TARGETED_DEVICE_FAMILY = "1,2";
				TEST_TARGET_NAME = GomuRuntimeJumpVC;
			};
			name = Debug;
		};
		7BCCF658213CDD6D000F3FA6 /* Release */ = {
			isa = XCBuildConfiguration;
			buildSettings = {
				CODE_SIGN_STYLE = Automatic;
				DEVELOPMENT_TEAM = B945E93452;
				INFOPLIST_FILE = GomuRuntimeJumpVCUITests/Info.plist;
				LD_RUNPATH_SEARCH_PATHS = (
					"$(inherited)",
					"@executable_path/Frameworks",
					"@loader_path/Frameworks",
				);
				PRODUCT_BUNDLE_IDENTIFIER = Gomu.workArea.GomuRuntimeJumpVCUITests;
				PRODUCT_NAME = "$(TARGET_NAME)";
				TARGETED_DEVICE_FAMILY = "1,2";
				TEST_TARGET_NAME = GomuRuntimeJumpVC;
			};
			name = Release;
		};
/* End XCBuildConfiguration section */

/* Begin XCConfigurationList section */
		7BCCF61F213CDD6B000F3FA6 /* Build configuration list for PBXProject "GomuRuntimeJumpVC" */ = {
			isa = XCConfigurationList;
			buildConfigurations = (
				7BCCF64E213CDD6D000F3FA6 /* Debug */,
				7BCCF64F213CDD6D000F3FA6 /* Release */,
			);
			defaultConfigurationIsVisible = 0;
			defaultConfigurationName = Release;
		};
		7BCCF650213CDD6D000F3FA6 /* Build configuration list for PBXNativeTarget "GomuRuntimeJumpVC" */ = {
			isa = XCConfigurationList;
			buildConfigurations = (
				7BCCF651213CDD6D000F3FA6 /* Debug */,
				7BCCF652213CDD6D000F3FA6 /* Release */,
			);
			defaultConfigurationIsVisible = 0;
			defaultConfigurationName = Release;
		};
		7BCCF653213CDD6D000F3FA6 /* Build configuration list for PBXNativeTarget "GomuRuntimeJumpVCTests" */ = {
			isa = XCConfigurationList;
			buildConfigurations = (
				7BCCF654213CDD6D000F3FA6 /* Debug */,
				7BCCF655213CDD6D000F3FA6 /* Release */,
			);
			defaultConfigurationIsVisible = 0;
			defaultConfigurationName = Release;
		};
		7BCCF656213CDD6D000F3FA6 /* Build configuration list for PBXNativeTarget "GomuRuntimeJumpVCUITests" */ = {
			isa = XCConfigurationList;
			buildConfigurations = (
				7BCCF657213CDD6D000F3FA6 /* Debug */,
				7BCCF658213CDD6D000F3FA6 /* Release */,
			);
			defaultConfigurationIsVisible = 0;
			defaultConfigurationName = Release;
		};
/* End XCConfigurationList section */
	};
	rootObject = 7BCCF61C213CDD6B000F3FA6 /* Project object */;
}
